
Microsoft Visual Studio Solution File, Format Version 12.00
# Visual Studio Version 16
VisualStudioVersion = 16.0.30413.136
MinimumVisualStudioVersion = 10.0.40219.1
Project("{FAE04EC0-301F-11D3-BF4B-00C04F79EFBC}") = "Hotel.Apı", "Hotel.Apı\Hotel.Apı.csproj", "{DC0BB0D2-FD2D-4D9A-98D5-E495C9C9AE6D}"
EndProject
Global
	GlobalSection(SolutionConfigurationPlatforms) = preSolution
		Debug|Any CPU = Debug|Any CPU
		Release|Any CPU = Release|Any CPU
	EndGlobalSection
	GlobalSection(ProjectConfigurationPlatforms) = postSolution
		{DC0BB0D2-FD2D-4D9A-98D5-E495C9C9AE6D}.Debug|Any CPU.ActiveCfg = Debug|Any CPU
		{DC0BB0D2-FD2D-4D9A-98D5-E495C9C9AE6D}.Debug|Any CPU.Build.0 = Debug|Any CPU
		{DC0BB0D2-FD2D-4D9A-98D5-E495C9C9AE6D}.Release|Any CPU.ActiveCfg = Release|Any CPU
		{DC0BB0D2-FD2D-4D9A-98D5-E495C9C9AE6D}.Release|Any CPU.Build.0 = Release|Any CPU
	EndGlobalSection
	GlobalSection(SolutionProperties) = preSolution
		HideSolutionNode = FALSE
	EndGlobalSection
	GlobalSection(ExtensibilityGlobals) = postSolution
		SolutionGuid = {FFFCC118-903A-4D92-9C3F-8DF982D9E63A}
	EndGlobalSection
EndGlobal
