
Microsoft Visual Studio Solution File, Format Version 12.00
# Visual Studio Version 16
VisualStudioVersion = 16.0.30413.136
MinimumVisualStudioVersion = 10.0.40219.1
Project("{FAE04EC0-301F-11D3-BF4B-00C04F79EFBC}") = "Worker", "Worker\Worker.csproj", "{82B63E79-D267-43A4-A353-21DF3A689899}"
EndProject
Global
	GlobalSection(SolutionConfigurationPlatforms) = preSolution
		Debug|Any CPU = Debug|Any CPU
		Release|Any CPU = Release|Any CPU
	EndGlobalSection
	GlobalSection(ProjectConfigurationPlatforms) = postSolution
		{82B63E79-D267-43A4-A353-21DF3A689899}.Debug|Any CPU.ActiveCfg = Debug|Any CPU
		{82B63E79-D267-43A4-A353-21DF3A689899}.Debug|Any CPU.Build.0 = Debug|Any CPU
		{82B63E79-D267-43A4-A353-21DF3A689899}.Release|Any CPU.ActiveCfg = Release|Any CPU
		{82B63E79-D267-43A4-A353-21DF3A689899}.Release|Any CPU.Build.0 = Release|Any CPU
	EndGlobalSection
	GlobalSection(SolutionProperties) = preSolution
		HideSolutionNode = FALSE
	EndGlobalSection
	GlobalSection(ExtensibilityGlobals) = postSolution
		SolutionGuid = {6A4CB33F-5072-49CF-98AA-2E65D57D0C4C}
	EndGlobalSection
EndGlobal
