
Microsoft Visual Studio Solution File, Format Version 12.00
# Visual Studio Version 16
VisualStudioVersion = 16.0.30413.136
MinimumVisualStudioVersion = 10.0.40219.1
Project("{FAE04EC0-301F-11D3-BF4B-00C04F79EFBC}") = "InjectionLifeCycle", "InjectionLifeCycle\InjectionLifeCycle.csproj", "{4BBC5735-3ADD-40C9-ABA9-B141EBFC2BD4}"
EndProject
Global
	GlobalSection(SolutionConfigurationPlatforms) = preSolution
		Debug|Any CPU = Debug|Any CPU
		Release|Any CPU = Release|Any CPU
	EndGlobalSection
	GlobalSection(ProjectConfigurationPlatforms) = postSolution
		{4BBC5735-3ADD-40C9-ABA9-B141EBFC2BD4}.Debug|Any CPU.ActiveCfg = Debug|Any CPU
		{4BBC5735-3ADD-40C9-ABA9-B141EBFC2BD4}.Debug|Any CPU.Build.0 = Debug|Any CPU
		{4BBC5735-3ADD-40C9-ABA9-B141EBFC2BD4}.Release|Any CPU.ActiveCfg = Release|Any CPU
		{4BBC5735-3ADD-40C9-ABA9-B141EBFC2BD4}.Release|Any CPU.Build.0 = Release|Any CPU
	EndGlobalSection
	GlobalSection(SolutionProperties) = preSolution
		HideSolutionNode = FALSE
	EndGlobalSection
	GlobalSection(ExtensibilityGlobals) = postSolution
		SolutionGuid = {EE42E836-F058-47C4-BD18-62D7007AF316}
	EndGlobalSection
EndGlobal
